
Microsoft Visual Studio Solution File, Format Version 12.00
# Visual Studio Version 17
VisualStudioVersion = 17.6.33829.357
MinimumVisualStudioVersion = 10.0.40219.1
Project("{FAE04EC0-301F-11D3-BF4B-00C04F79EFBC}") = "API", "API.csproj", "{4F819E6F-764A-4069-8303-1F49E9A44B33}"
EndProject
Project("{2150E333-8FDC-42A3-9474-1A3956D46DE8}") = "DAL", "DAL", "{FE5E7C69-14CB-4D52-B5CF-CA331D4A4836}"
EndProject
Project("{2150E333-8FDC-42A3-9474-1A3956D46DE8}") = "Service", "Service", "{323DC686-B346-4C8F-A68A-54514F17369E}"
EndProject
Project("{FAE04EC0-301F-11D3-BF4B-00C04F79EFBC}") = "DAL", "..\DAL\DAL.csproj", "{249056F0-EAC1-4F92-9D7C-79395F293697}"
EndProject
Project("{FAE04EC0-301F-11D3-BF4B-00C04F79EFBC}") = "Service", "..\Service\Service.csproj", "{E885117A-F9DF-48B5-8AA9-5174A6037FB2}"
EndProject
Global
	GlobalSection(SolutionConfigurationPlatforms) = preSolution
		Debug|Any CPU = Debug|Any CPU
		Release|Any CPU = Release|Any CPU
	EndGlobalSection
	GlobalSection(ProjectConfigurationPlatforms) = postSolution
		{4F819E6F-764A-4069-8303-1F49E9A44B33}.Debug|Any CPU.ActiveCfg = Debug|Any CPU
		{4F819E6F-764A-4069-8303-1F49E9A44B33}.Debug|Any CPU.Build.0 = Debug|Any CPU
		{4F819E6F-764A-4069-8303-1F49E9A44B33}.Release|Any CPU.ActiveCfg = Release|Any CPU
		{4F819E6F-764A-4069-8303-1F49E9A44B33}.Release|Any CPU.Build.0 = Release|Any CPU
		{249056F0-EAC1-4F92-9D7C-79395F293697}.Debug|Any CPU.ActiveCfg = Debug|Any CPU
		{249056F0-EAC1-4F92-9D7C-79395F293697}.Debug|Any CPU.Build.0 = Debug|Any CPU
		{249056F0-EAC1-4F92-9D7C-79395F293697}.Release|Any CPU.ActiveCfg = Release|Any CPU
		{249056F0-EAC1-4F92-9D7C-79395F293697}.Release|Any CPU.Build.0 = Release|Any CPU
		{E885117A-F9DF-48B5-8AA9-5174A6037FB2}.Debug|Any CPU.ActiveCfg = Debug|Any CPU
		{E885117A-F9DF-48B5-8AA9-5174A6037FB2}.Debug|Any CPU.Build.0 = Debug|Any CPU
		{E885117A-F9DF-48B5-8AA9-5174A6037FB2}.Release|Any CPU.ActiveCfg = Release|Any CPU
		{E885117A-F9DF-48B5-8AA9-5174A6037FB2}.Release|Any CPU.Build.0 = Release|Any CPU
	EndGlobalSection
	GlobalSection(SolutionProperties) = preSolution
		HideSolutionNode = FALSE
	EndGlobalSection
	GlobalSection(NestedProjects) = preSolution
		{249056F0-EAC1-4F92-9D7C-79395F293697} = {FE5E7C69-14CB-4D52-B5CF-CA331D4A4836}
		{E885117A-F9DF-48B5-8AA9-5174A6037FB2} = {323DC686-B346-4C8F-A68A-54514F17369E}
	EndGlobalSection
	GlobalSection(ExtensibilityGlobals) = postSolution
		SolutionGuid = {A98BD07C-515B-4183-87E0-3D387C5F5668}
	EndGlobalSection
EndGlobal
